
Microsoft Visual Studio Solution File, Format Version 12.00
# Visual Studio Version 17
VisualStudioVersion = 17.11.35312.102
MinimumVisualStudioVersion = 10.0.40219.1
Project("{FAE04EC0-301F-11D3-BF4B-00C04F79EFBC}") = "Prueba2.Server", "Prueba2.Server\Prueba2.Server.csproj", "{67ADD03D-2764-4D82-B2A1-19E3D766F475}"
EndProject
Project("{54A90642-561A-4BB1-A94E-469ADEE60C69}") = "prueba2.client", "prueba2.client\prueba2.client.esproj", "{D01623C1-B5A6-4A5E-9190-3576D1601DDE}"
EndProject
Global
	GlobalSection(SolutionConfigurationPlatforms) = preSolution
		Debug|Any CPU = Debug|Any CPU
		Release|Any CPU = Release|Any CPU
	EndGlobalSection
	GlobalSection(ProjectConfigurationPlatforms) = postSolution
		{67ADD03D-2764-4D82-B2A1-19E3D766F475}.Debug|Any CPU.ActiveCfg = Debug|Any CPU
		{67ADD03D-2764-4D82-B2A1-19E3D766F475}.Debug|Any CPU.Build.0 = Debug|Any CPU
		{67ADD03D-2764-4D82-B2A1-19E3D766F475}.Release|Any CPU.ActiveCfg = Release|Any CPU
		{67ADD03D-2764-4D82-B2A1-19E3D766F475}.Release|Any CPU.Build.0 = Release|Any CPU
		{D01623C1-B5A6-4A5E-9190-3576D1601DDE}.Debug|Any CPU.ActiveCfg = Debug|Any CPU
		{D01623C1-B5A6-4A5E-9190-3576D1601DDE}.Debug|Any CPU.Build.0 = Debug|Any CPU
		{D01623C1-B5A6-4A5E-9190-3576D1601DDE}.Debug|Any CPU.Deploy.0 = Debug|Any CPU
		{D01623C1-B5A6-4A5E-9190-3576D1601DDE}.Release|Any CPU.ActiveCfg = Release|Any CPU
		{D01623C1-B5A6-4A5E-9190-3576D1601DDE}.Release|Any CPU.Build.0 = Release|Any CPU
		{D01623C1-B5A6-4A5E-9190-3576D1601DDE}.Release|Any CPU.Deploy.0 = Release|Any CPU
	EndGlobalSection
	GlobalSection(SolutionProperties) = preSolution
		HideSolutionNode = FALSE
	EndGlobalSection
	GlobalSection(ExtensibilityGlobals) = postSolution
		SolutionGuid = {D2FF88E1-0658-4A75-A957-555D6B4179AA}
	EndGlobalSection
EndGlobal
